<?xml version="1.0" encoding="utf-8"?>
<Project ToolsVersion="4.0" xmlns="http://schemas.microsoft.com/developer/msbuild/2003">
  <ItemGroup>
    <Filter Include="Source Files">
      <UniqueIdentifier>{4FC737F1-C7A5-4376-A066-2A32D752A2FF}</UniqueIdentifier>
      <Extensions>cpp;c;cxx;def;odl;idl;hpj;bat;asm;asmx</Extensions>
    </Filter>
    <Filter Include="Header Files">
      <UniqueIdentifier>{93995380-89BD-4b04-88EB-625FBE52EBFB}</UniqueIdentifier>
      <Extensions>h;hpp;hxx;hm;inl;inc;xsd</Extensions>
    </Filter>
    <Filter Include="Resource Files">
      <UniqueIdentifier>{67DA6AB6-F800-4c08-8B7A-83BB121AAD01}</UniqueIdentifier>
      <Extensions>rc;ico;cur;bmp;dlg;rc2;rct;bin;rgs;gif;jpg;jpeg;jpe;resx</Extensions>
    </Filter>
  </ItemGroup>
  <ItemGroup>
    <ClCompile Include="AboutDlg.cpp">
      <Filter>Source Files</Filter>
    </ClCompile>
    <ClCompile Include="GetDataDlg.cpp">
      <Filter>Source Files</Filter>
    </ClCompile>
    <ClCompile Include="MainDlg.cpp">
      <Filter>Source Files</Filter>
    </ClCompile>
    <ClCompile Include="Registry.cpp">
      <Filter>Source Files</Filter>
    </ClCompile>
    <ClCompile Include="stdafx.cpp">
      <Filter>Source Files</Filter>
    </ClCompile>
    <ClCompile Include="ScreenshotTools.cpp">
      <Filter>Source Files</Filter>
    </ClCompile>
    <ClCompile Include="Canvas.cpp">
      <Filter>Source Files</Filter>
    </ClCompile>
    <ClCompile Include="ClipboardUtils.cpp">
      <Filter>Source Files</Filter>
    </ClCompile>
  </ItemGroup>
  <ItemGroup>
    <ClInclude Include="AboutDlg.h">
      <Filter>Header Files</Filter>
    </ClInclude>
    <ClInclude Include="GetDataDlg.h">
      <Filter>Header Files</Filter>
    </ClInclude>
    <ClInclude Include="MainDlg.h">
      <Filter>Header Files</Filter>
    </ClInclude>
    <ClInclude Include="Registry.h">
      <Filter>Header Files</Filter>
    </ClInclude>
    <ClInclude Include="Resource.h">
      <Filter>Header Files</Filter>
    </ClInclude>
    <ClInclude Include="stdafx.h">
      <Filter>Header Files</Filter>
    </ClInclude>
    <ClInclude Include="ScreenshotTools.h">
      <Filter>Header Files</Filter>
    </ClInclude>
    <ClInclude Include="Canvas.h">
      <Filter>Header Files</Filter>
    </ClInclude>
    <ClInclude Include="CanvasOperation.h">
      <Filter>Header Files</Filter>
    </ClInclude>
    <ClInclude Include="Message_IDs.h">
      <Filter>Header Files</Filter>
    </ClInclude>
    <ClInclude Include="ClipboardUtils.h">
      <Filter>Header Files</Filter>
    </ClInclude>
  </ItemGroup>
  <ItemGroup>
    <Image Include="ABOUT.ico">
      <Filter>Resource Files</Filter>
    </Image>
    <Image Include="ScreenshotTools.ico">
      <Filter>Resource Files</Filter>
    </Image>
    <Image Include="images\properties.ico">
      <Filter>Resource Files</Filter>
    </Image>
    <Image Include="images\idi_show.ico">
      <Filter>Resource Files</Filter>
    </Image>
    <Image Include="images\About_menu.ico">
      <Filter>Resource Files</Filter>
    </Image>
    <Image Include="images\cut.ico">
      <Filter>Resource Files</Filter>
    </Image>
    <Image Include="images\select.ico">
      <Filter>Resource Files</Filter>
    </Image>
    <Image Include="images\Full-Screen_Snapshot.ico">
      <Filter>Resource Files</Filter>
    </Image>
    <Image Include="images\icon5.ico">
      <Filter>Resource Files</Filter>
    </Image>
    <Image Include="images\Snipping_To_Clipboard.ico">
      <Filter>Resource Files</Filter>
    </Image>
    <Image Include="doc\properties_window.png" />
  </ItemGroup>
  <ItemGroup>
    <Manifest Include="ScreenshotTools.manifest" />
  </ItemGroup>
  <ItemGroup>
    <ResourceCompile Include="ScreenshotTools.rc">
      <Filter>Source Files</Filter>
    </ResourceCompile>
  </ItemGroup>
  <ItemGroup>
    <None Include="ScreenshotTools.rc2">
      <Filter>Resource Files</Filter>
    </None>
    <None Include="ScreenshotTools.rgs">
      <Filter>Resource Files</Filter>
    </None>
    <None Include="..\README.md" />
  </ItemGroup>
  <ItemGroup>
    <Midl Include="ScreenshotTools.idl">
      <Filter>Source Files</Filter>
    </Midl>
  </ItemGroup>
</Project>